
Microsoft Visual Studio Solution File, Format Version 12.00
# Visual Studio Version 17
VisualStudioVersion = 17.1.32414.318
MinimumVisualStudioVersion = 10.0.40219.1
Project("{FAE04EC0-301F-11D3-BF4B-00C04F79EFBC}") = "MTF.SoundTool", "MTF.SoundTool\MTF.SoundTool.csproj", "{D913DE90-8F74-4BFC-9F92-8EE17B5FB5A5}"
EndProject
Project("{FAE04EC0-301F-11D3-BF4B-00C04F79EFBC}") = "MTF.SoundTool.Updater", "MTF.SoundTool.Updater\MTF.SoundTool.Updater.csproj", "{EF8430B9-7CD7-4540-81D9-33FB0006D71A}"
EndProject
Global
	GlobalSection(SolutionConfigurationPlatforms) = preSolution
		Debug|Any CPU = Debug|Any CPU
		Release|Any CPU = Release|Any CPU
	EndGlobalSection
	GlobalSection(ProjectConfigurationPlatforms) = postSolution
		{D913DE90-8F74-4BFC-9F92-8EE17B5FB5A5}.Debug|Any CPU.ActiveCfg = Debug|Any CPU
		{D913DE90-8F74-4BFC-9F92-8EE17B5FB5A5}.Debug|Any CPU.Build.0 = Debug|Any CPU
		{D913DE90-8F74-4BFC-9F92-8EE17B5FB5A5}.Release|Any CPU.ActiveCfg = Release|Any CPU
		{D913DE90-8F74-4BFC-9F92-8EE17B5FB5A5}.Release|Any CPU.Build.0 = Release|Any CPU
		{EF8430B9-7CD7-4540-81D9-33FB0006D71A}.Debug|Any CPU.ActiveCfg = Debug|Any CPU
		{EF8430B9-7CD7-4540-81D9-33FB0006D71A}.Debug|Any CPU.Build.0 = Debug|Any CPU
		{EF8430B9-7CD7-4540-81D9-33FB0006D71A}.Release|Any CPU.ActiveCfg = Release|Any CPU
		{EF8430B9-7CD7-4540-81D9-33FB0006D71A}.Release|Any CPU.Build.0 = Release|Any CPU
	EndGlobalSection
	GlobalSection(SolutionProperties) = preSolution
		HideSolutionNode = FALSE
	EndGlobalSection
	GlobalSection(ExtensibilityGlobals) = postSolution
		SolutionGuid = {CD3F76DF-3948-40BE-89E7-CA15AEC40022}
	EndGlobalSection
EndGlobal
